{
	"name": "@hokify/node-ts-cache-redis-storage",
	"version": "1.1.2",
	"lockfileVersion": 1,
	"requires": true,
	"dependencies": {
		"@sinonjs/commons": {
			"version": "1.7.1",
			"resolved": "https://registry.npmjs.org/@sinonjs/commons/-/commons-1.7.1.tgz",
			"integrity": "sha512-Debi3Baff1Qu1Unc3mjJ96MgpbwTn43S1+9yJ0llWygPwDNu2aaWBD6yc9y/Z8XDRNhx7U+u2UDg2OGQXkclUQ==",
			"dev": true,
			"requires": {
				"type-detect": "4.0.8"
			}
		},
		"@sinonjs/fake-timers": {
			"version": "6.0.0",
			"resolved": "https://registry.npmjs.org/@sinonjs/fake-timers/-/fake-timers-6.0.0.tgz",
			"integrity": "sha512-atR1J/jRXvQAb47gfzSK8zavXy7BcpnYq21ALon0U99etu99vsir0trzIO3wpeLtW+LLVY6X7EkfVTbjGSH8Ww==",
			"dev": true,
			"requires": {
				"@sinonjs/commons": "^1.7.0"
			}
		},
		"@sinonjs/formatio": {
			"version": "5.0.1",
			"resolved": "https://registry.npmjs.org/@sinonjs/formatio/-/formatio-5.0.1.tgz",
			"integrity": "sha512-KaiQ5pBf1MpS09MuA0kp6KBQt2JUOQycqVG1NZXvzeaXe5LGFqAKueIS0bw4w0P9r7KuBSVdUk5QjXsUdu2CxQ==",
			"dev": true,
			"requires": {
				"@sinonjs/commons": "^1",
				"@sinonjs/samsam": "^5.0.2"
			}
		},
		"@sinonjs/samsam": {
			"version": "5.0.3",
			"resolved": "https://registry.npmjs.org/@sinonjs/samsam/-/samsam-5.0.3.tgz",
			"integrity": "sha512-QucHkc2uMJ0pFGjJUDP3F9dq5dx8QIaqISl9QgwLOh6P9yv877uONPGXh/OH/0zmM3tW1JjuJltAZV2l7zU+uQ==",
			"dev": true,
			"requires": {
				"@sinonjs/commons": "^1.6.0",
				"lodash.get": "^4.4.2",
				"type-detect": "^4.0.8"
			}
		},
		"@sinonjs/text-encoding": {
			"version": "0.7.1",
			"resolved": "https://registry.npmjs.org/@sinonjs/text-encoding/-/text-encoding-0.7.1.tgz",
			"integrity": "sha512-+iTbntw2IZPb/anVDbypzfQa+ay64MW0Zo8aJ8gZPWMMK6/OubMVb6lUPMagqjOPnmtauXnFCACVl3O7ogjeqQ==",
			"dev": true
		},
		"@types/bluebird": {
			"version": "3.5.30",
			"resolved": "https://registry.npmjs.org/@types/bluebird/-/bluebird-3.5.30.tgz",
			"integrity": "sha512-8LhzvcjIoqoi1TghEkRMkbbmM+jhHnBokPGkJWjclMK+Ks0MxEBow3/p2/iFTZ+OIbJHQDSfpgdZEb+af3gfVw==",
			"dev": true
		},
		"@types/node": {
			"version": "13.9.0",
			"resolved": "https://registry.npmjs.org/@types/node/-/node-13.9.0.tgz",
			"integrity": "sha512-0ARSQootUG1RljH2HncpsY2TJBfGQIKOOi7kxzUY6z54ePu/ZD+wJA8zI2Q6v8rol2qpG/rvqsReco8zNMPvhQ==",
			"dev": true
		},
		"@types/proxyquire": {
			"version": "1.3.28",
			"resolved": "https://registry.npmjs.org/@types/proxyquire/-/proxyquire-1.3.28.tgz",
			"integrity": "sha512-SQaNzWQ2YZSr7FqAyPPiA3FYpux2Lqh3HWMZQk47x3xbMCqgC/w0dY3dw9rGqlweDDkrySQBcaScXWeR+Yb11Q==",
			"dev": true
		},
		"@types/redis": {
			"version": "2.8.16",
			"resolved": "https://registry.npmjs.org/@types/redis/-/redis-2.8.16.tgz",
			"integrity": "sha512-7iJzu9OvKPuKiZxlIVG7P3UM7C3XX4FxXk9f24MkAvucze93Zp4XzoERmDaKQnaZP0Qv1pMAq25lAvUPCKXCHQ==",
			"dev": true,
			"requires": {
				"@types/node": "*"
			}
		},
		"@types/sinon": {
			"version": "7.5.2",
			"resolved": "https://registry.npmjs.org/@types/sinon/-/sinon-7.5.2.tgz",
			"integrity": "sha512-T+m89VdXj/eidZyejvmoP9jivXgBDdkOSBVQjU9kF349NEx10QdPNGxHeZUaj1IlJ32/ewdyXJjnJxyxJroYwg==",
			"dev": true
		},
		"array-from": {
			"version": "2.1.1",
			"resolved": "https://registry.npmjs.org/array-from/-/array-from-2.1.1.tgz",
			"integrity": "sha1-z+nYwmYoudxa7MYqn12PHzUsEZU=",
			"dev": true
		},
		"balanced-match": {
			"version": "1.0.0",
			"resolved": "https://registry.npmjs.org/balanced-match/-/balanced-match-1.0.0.tgz",
			"integrity": "sha1-ibTRmasr7kneFk6gK4nORi1xt2c=",
			"dev": true
		},
		"bluebird": {
			"version": "3.7.2",
			"resolved": "https://registry.npmjs.org/bluebird/-/bluebird-3.7.2.tgz",
			"integrity": "sha512-XpNj6GDQzdfW+r2Wnn7xiSAd7TM3jzkxGXBGTtWKuSXv1xUV+azxAm8jdWZN06QTQk+2N2XB9jRDkvbmQmcRtg=="
		},
		"brace-expansion": {
			"version": "1.1.11",
			"resolved": "https://registry.npmjs.org/brace-expansion/-/brace-expansion-1.1.11.tgz",
			"integrity": "sha512-iCuPHDFgrHX7H2vEI/5xpz07zSHB00TpugqhmYtVmMO6518mCuRMoOYFldEBl0g187ufozdaHgWKcYFb61qGiA==",
			"dev": true,
			"requires": {
				"balanced-match": "^1.0.0",
				"concat-map": "0.0.1"
			}
		},
		"concat-map": {
			"version": "0.0.1",
			"resolved": "https://registry.npmjs.org/concat-map/-/concat-map-0.0.1.tgz",
			"integrity": "sha1-2Klr13/Wjfd5OnMDajug1UBdR3s=",
			"dev": true
		},
		"d": {
			"version": "1.0.1",
			"resolved": "https://registry.npmjs.org/d/-/d-1.0.1.tgz",
			"integrity": "sha512-m62ShEObQ39CfralilEQRjH6oAMtNCV1xJyEx5LpRYUVN+EviphDgUc/F3hnYbADmkiNs67Y+3ylmlG7Lnu+FA==",
			"dev": true,
			"requires": {
				"es5-ext": "^0.10.50",
				"type": "^1.0.1"
			}
		},
		"denque": {
			"version": "1.4.1",
			"resolved": "https://registry.npmjs.org/denque/-/denque-1.4.1.tgz",
			"integrity": "sha512-OfzPuSZKGcgr96rf1oODnfjqBFmr1DVoc/TrItj3Ohe0Ah1C5WX5Baquw/9U9KovnQ88EqmJbD66rKYUQYN1tQ=="
		},
		"diff": {
			"version": "4.0.2",
			"resolved": "https://registry.npmjs.org/diff/-/diff-4.0.2.tgz",
			"integrity": "sha512-58lmxKSA4BNyLz+HHMUzlOEpg09FV+ev6ZMe3vJihgdxzgcwZ8VoEEPmALCZG9LmqfVoNMMKpttIYTVG6uDY7A==",
			"dev": true
		},
		"es5-ext": {
			"version": "0.10.53",
			"resolved": "https://registry.npmjs.org/es5-ext/-/es5-ext-0.10.53.tgz",
			"integrity": "sha512-Xs2Stw6NiNHWypzRTY1MtaG/uJlwCk8kH81920ma8mvN8Xq1gsfhZvpkImLQArw8AHnv8MT2I45J3c0R8slE+Q==",
			"dev": true,
			"requires": {
				"es6-iterator": "~2.0.3",
				"es6-symbol": "~3.1.3",
				"next-tick": "~1.0.0"
			}
		},
		"es6-iterator": {
			"version": "2.0.3",
			"resolved": "https://registry.npmjs.org/es6-iterator/-/es6-iterator-2.0.3.tgz",
			"integrity": "sha1-p96IkUGgWpSwhUQDstCg+/qY87c=",
			"dev": true,
			"requires": {
				"d": "1",
				"es5-ext": "^0.10.35",
				"es6-symbol": "^3.1.1"
			}
		},
		"es6-map": {
			"version": "0.1.5",
			"resolved": "https://registry.npmjs.org/es6-map/-/es6-map-0.1.5.tgz",
			"integrity": "sha1-kTbgUD3MBqMBaQ8LsU/042TpSfA=",
			"dev": true,
			"requires": {
				"d": "1",
				"es5-ext": "~0.10.14",
				"es6-iterator": "~2.0.1",
				"es6-set": "~0.1.5",
				"es6-symbol": "~3.1.1",
				"event-emitter": "~0.3.5"
			}
		},
		"es6-set": {
			"version": "0.1.5",
			"resolved": "https://registry.npmjs.org/es6-set/-/es6-set-0.1.5.tgz",
			"integrity": "sha1-0rPsXU2ADO2BjbU40ol02wpzzLE=",
			"dev": true,
			"requires": {
				"d": "1",
				"es5-ext": "~0.10.14",
				"es6-iterator": "~2.0.1",
				"es6-symbol": "3.1.1",
				"event-emitter": "~0.3.5"
			},
			"dependencies": {
				"es6-symbol": {
					"version": "3.1.1",
					"resolved": "https://registry.npmjs.org/es6-symbol/-/es6-symbol-3.1.1.tgz",
					"integrity": "sha1-vwDvT9q2uhtG7Le2KbTH7VcVzHc=",
					"dev": true,
					"requires": {
						"d": "1",
						"es5-ext": "~0.10.14"
					}
				}
			}
		},
		"es6-symbol": {
			"version": "3.1.3",
			"resolved": "https://registry.npmjs.org/es6-symbol/-/es6-symbol-3.1.3.tgz",
			"integrity": "sha512-NJ6Yn3FuDinBaBRWl/q5X/s4koRHBrgKAu+yGI6JCBeiu3qrcbJhwT2GeR/EXVfylRk8dpQVJoLEFhK+Mu31NA==",
			"dev": true,
			"requires": {
				"d": "^1.0.1",
				"ext": "^1.1.2"
			}
		},
		"event-emitter": {
			"version": "0.3.5",
			"resolved": "https://registry.npmjs.org/event-emitter/-/event-emitter-0.3.5.tgz",
			"integrity": "sha1-34xp7vFkeSPHFXuc6DhAYQsCzDk=",
			"dev": true,
			"requires": {
				"d": "1",
				"es5-ext": "~0.10.14"
			}
		},
		"ext": {
			"version": "1.4.0",
			"resolved": "https://registry.npmjs.org/ext/-/ext-1.4.0.tgz",
			"integrity": "sha512-Key5NIsUxdqKg3vIsdw9dSuXpPCQ297y6wBjL30edxwPgt2E44WcWBZey/ZvUc6sERLTxKdyCu4gZFmUbk1Q7A==",
			"dev": true,
			"requires": {
				"type": "^2.0.0"
			},
			"dependencies": {
				"type": {
					"version": "2.0.0",
					"resolved": "https://registry.npmjs.org/type/-/type-2.0.0.tgz",
					"integrity": "sha512-KBt58xCHry4Cejnc2ISQAF7QY+ORngsWfxezO68+12hKV6lQY8P/psIkcbjeHWn7MqcgciWJyCCevFMJdIXpow==",
					"dev": true
				}
			}
		},
		"fengari": {
			"version": "0.1.4",
			"resolved": "https://registry.npmjs.org/fengari/-/fengari-0.1.4.tgz",
			"integrity": "sha512-6ujqUuiIYmcgkGz8MGAdERU57EIluGGPSUgGPTsco657EHa+srq0S3/YUl/r9kx1+D+d4rGfYObd+m8K22gB1g==",
			"dev": true,
			"requires": {
				"readline-sync": "^1.4.9",
				"sprintf-js": "^1.1.1",
				"tmp": "^0.0.33"
			}
		},
		"fengari-interop": {
			"version": "0.1.2",
			"resolved": "https://registry.npmjs.org/fengari-interop/-/fengari-interop-0.1.2.tgz",
			"integrity": "sha512-8iTvaByZVoi+lQJhHH9vC+c/Yaok9CwOqNQZN6JrVpjmWwW4dDkeblBXhnHC+BoI6eF4Cy5NKW3z6ICEjvgywQ==",
			"dev": true
		},
		"fill-keys": {
			"version": "1.0.2",
			"resolved": "https://registry.npmjs.org/fill-keys/-/fill-keys-1.0.2.tgz",
			"integrity": "sha1-mo+jb06K1jTjv2tPPIiCVRRS6yA=",
			"dev": true,
			"requires": {
				"is-object": "~1.0.1",
				"merge-descriptors": "~1.0.0"
			}
		},
		"has-flag": {
			"version": "4.0.0",
			"resolved": "https://registry.npmjs.org/has-flag/-/has-flag-4.0.0.tgz",
			"integrity": "sha512-EykJT/Q1KjTWctppgIAgfSO0tKVuZUjhgMr17kqTumMl6Afv3EISleU7qZUzoXDFTAHTDC4NOoG/ZxU3EvlMPQ==",
			"dev": true
		},
		"ioredis-mock": {
			"version": "4.19.0",
			"resolved": "https://registry.npmjs.org/ioredis-mock/-/ioredis-mock-4.19.0.tgz",
			"integrity": "sha512-dG35HhH5Mgrh4lYT9xYWSeX9Qd5hBT9f/xVM9p58Ey4sMqHIAd2jVfUlj1ql4+Ndn5mJLNxfwXkGZW4jSJj8Uw==",
			"dev": true,
			"requires": {
				"array-from": "^2.1.1",
				"es6-map": "^0.1.5",
				"es6-set": "^0.1.5",
				"fengari": "^0.1.4",
				"fengari-interop": "^0.1.2",
				"lodash": "^4.17.15",
				"minimatch": "^3.0.4",
				"object-assign": "^4.1.1",
				"standard-as-callback": "^2.0.1"
			}
		},
		"is-object": {
			"version": "1.0.1",
			"resolved": "https://registry.npmjs.org/is-object/-/is-object-1.0.1.tgz",
			"integrity": "sha1-iVJojF7C/9awPsyF52ngKQMINHA=",
			"dev": true
		},
		"isarray": {
			"version": "0.0.1",
			"resolved": "https://registry.npmjs.org/isarray/-/isarray-0.0.1.tgz",
			"integrity": "sha1-ihis/Kmo9Bd+Cav8YDiTmwXR7t8=",
			"dev": true
		},
		"just-extend": {
			"version": "4.1.0",
			"resolved": "https://registry.npmjs.org/just-extend/-/just-extend-4.1.0.tgz",
			"integrity": "sha512-ApcjaOdVTJ7y4r08xI5wIqpvwS48Q0PBG4DJROcEkH1f8MdAiNFyFxz3xoL0LWAVwjrwPYZdVHHxhRHcx/uGLA==",
			"dev": true
		},
		"lodash": {
			"version": "4.17.15",
			"resolved": "https://registry.npmjs.org/lodash/-/lodash-4.17.15.tgz",
			"integrity": "sha512-8xOcRHvCjnocdS5cpwXQXVzmmh5e5+saE2QGoeQmbKmRS6J3VQppPOIt0MnmE+4xlZoumy0GPG0D0MVIQbNA1A==",
			"dev": true
		},
		"lodash.get": {
			"version": "4.4.2",
			"resolved": "https://registry.npmjs.org/lodash.get/-/lodash.get-4.4.2.tgz",
			"integrity": "sha1-LRd/ZS+jHpObRDjVNBSZ36OCXpk=",
			"dev": true
		},
		"merge-descriptors": {
			"version": "1.0.1",
			"resolved": "https://registry.npmjs.org/merge-descriptors/-/merge-descriptors-1.0.1.tgz",
			"integrity": "sha1-sAqqVW3YtEVoFQ7J0blT8/kMu2E=",
			"dev": true
		},
		"minimatch": {
			"version": "3.0.4",
			"resolved": "https://registry.npmjs.org/minimatch/-/minimatch-3.0.4.tgz",
			"integrity": "sha512-yJHVQEhyqPLUTgt9B83PXu6W3rx4MvvHvSUvToogpwoGDOUQ+yDrR0HRot+yOCdCO7u4hX3pWft6kWBBcqh0UA==",
			"dev": true,
			"requires": {
				"brace-expansion": "^1.1.7"
			}
		},
		"module-not-found-error": {
			"version": "1.0.1",
			"resolved": "https://registry.npmjs.org/module-not-found-error/-/module-not-found-error-1.0.1.tgz",
			"integrity": "sha1-z4tP9PKWQGdNbN0CsOO8UjwrvcA=",
			"dev": true
		},
		"next-tick": {
			"version": "1.0.0",
			"resolved": "https://registry.npmjs.org/next-tick/-/next-tick-1.0.0.tgz",
			"integrity": "sha1-yobR/ogoFpsBICCOPchCS524NCw=",
			"dev": true
		},
		"nise": {
			"version": "4.0.3",
			"resolved": "https://registry.npmjs.org/nise/-/nise-4.0.3.tgz",
			"integrity": "sha512-EGlhjm7/4KvmmE6B/UFsKh7eHykRl9VH+au8dduHLCyWUO/hr7+N+WtTvDUwc9zHuM1IaIJs/0lQ6Ag1jDkQSg==",
			"dev": true,
			"requires": {
				"@sinonjs/commons": "^1.7.0",
				"@sinonjs/fake-timers": "^6.0.0",
				"@sinonjs/text-encoding": "^0.7.1",
				"just-extend": "^4.0.2",
				"path-to-regexp": "^1.7.0"
			}
		},
		"object-assign": {
			"version": "4.1.1",
			"resolved": "https://registry.npmjs.org/object-assign/-/object-assign-4.1.1.tgz",
			"integrity": "sha1-IQmtx5ZYh8/AXLvUQsrIv7s2CGM=",
			"dev": true
		},
		"os-tmpdir": {
			"version": "1.0.2",
			"resolved": "https://registry.npmjs.org/os-tmpdir/-/os-tmpdir-1.0.2.tgz",
			"integrity": "sha1-u+Z0BseaqFxc/sdm/lc0VV36EnQ=",
			"dev": true
		},
		"path-parse": {
			"version": "1.0.6",
			"resolved": "https://registry.npmjs.org/path-parse/-/path-parse-1.0.6.tgz",
			"integrity": "sha512-GSmOT2EbHrINBf9SR7CDELwlJ8AENk3Qn7OikK4nFYAu3Ote2+JYNVvkpAEQm3/TLNEJFD/xZJjzyxg3KBWOzw==",
			"dev": true
		},
		"path-to-regexp": {
			"version": "1.8.0",
			"resolved": "https://registry.npmjs.org/path-to-regexp/-/path-to-regexp-1.8.0.tgz",
			"integrity": "sha512-n43JRhlUKUAlibEJhPeir1ncUID16QnEjNpwzNdO3Lm4ywrBpBZ5oLD0I6br9evr1Y9JTqwRtAh7JLoOzAQdVA==",
			"dev": true,
			"requires": {
				"isarray": "0.0.1"
			}
		},
		"proxyquire": {
			"version": "2.1.3",
			"resolved": "https://registry.npmjs.org/proxyquire/-/proxyquire-2.1.3.tgz",
			"integrity": "sha512-BQWfCqYM+QINd+yawJz23tbBM40VIGXOdDw3X344KcclI/gtBbdWF6SlQ4nK/bYhF9d27KYug9WzljHC6B9Ysg==",
			"dev": true,
			"requires": {
				"fill-keys": "^1.0.2",
				"module-not-found-error": "^1.0.1",
				"resolve": "^1.11.1"
			}
		},
		"readline-sync": {
			"version": "1.4.10",
			"resolved": "https://registry.npmjs.org/readline-sync/-/readline-sync-1.4.10.tgz",
			"integrity": "sha512-gNva8/6UAe8QYepIQH/jQ2qn91Qj0B9sYjMBBs3QOB8F2CXcKgLxQaJRP76sWVRQt+QU+8fAkCbCvjjMFu7Ycw==",
			"dev": true
		},
		"redis": {
			"version": "3.0.2",
			"resolved": "https://registry.npmjs.org/redis/-/redis-3.0.2.tgz",
			"integrity": "sha512-PNhLCrjU6vKVuMOyFu7oSP296mwBkcE6lrAjruBYG5LgdSqtRBoVQIylrMyVZD/lkF24RSNNatzvYag6HRBHjQ==",
			"requires": {
				"denque": "^1.4.1",
				"redis-commands": "^1.5.0",
				"redis-errors": "^1.2.0",
				"redis-parser": "^3.0.0"
			}
		},
		"redis-commands": {
			"version": "1.5.0",
			"resolved": "https://registry.npmjs.org/redis-commands/-/redis-commands-1.5.0.tgz",
			"integrity": "sha512-6KxamqpZ468MeQC3bkWmCB1fp56XL64D4Kf0zJSwDZbVLLm7KFkoIcHrgRvQ+sk8dnhySs7+yBg94yIkAK7aJg=="
		},
		"redis-errors": {
			"version": "1.2.0",
			"resolved": "https://registry.npmjs.org/redis-errors/-/redis-errors-1.2.0.tgz",
			"integrity": "sha1-62LSrbFeTq9GEMBK/hUpOEJQq60="
		},
		"redis-parser": {
			"version": "3.0.0",
			"resolved": "https://registry.npmjs.org/redis-parser/-/redis-parser-3.0.0.tgz",
			"integrity": "sha1-tm2CjNyv5rS4pCin3vTGvKwxyLQ=",
			"requires": {
				"redis-errors": "^1.0.0"
			}
		},
		"resolve": {
			"version": "1.15.1",
			"resolved": "https://registry.npmjs.org/resolve/-/resolve-1.15.1.tgz",
			"integrity": "sha512-84oo6ZTtoTUpjgNEr5SJyzQhzL72gaRodsSfyxC/AXRvwu0Yse9H8eF9IpGo7b8YetZhlI6v7ZQ6bKBFV/6S7w==",
			"dev": true,
			"requires": {
				"path-parse": "^1.0.6"
			}
		},
		"sinon": {
			"version": "9.0.0",
			"resolved": "https://registry.npmjs.org/sinon/-/sinon-9.0.0.tgz",
			"integrity": "sha512-c4bREcvuK5VuEGyMW/Oim9I3Rq49Vzb0aMdxouFaA44QCFpilc5LJOugrX+mkrvikbqCimxuK+4cnHVNnLR41g==",
			"dev": true,
			"requires": {
				"@sinonjs/commons": "^1.7.0",
				"@sinonjs/fake-timers": "^6.0.0",
				"@sinonjs/formatio": "^5.0.0",
				"@sinonjs/samsam": "^5.0.1",
				"diff": "^4.0.2",
				"nise": "^4.0.1",
				"supports-color": "^7.1.0"
			}
		},
		"sprintf-js": {
			"version": "1.1.2",
			"resolved": "https://registry.npmjs.org/sprintf-js/-/sprintf-js-1.1.2.tgz",
			"integrity": "sha512-VE0SOVEHCk7Qc8ulkWw3ntAzXuqf7S2lvwQaDLRnUeIEaKNQJzV6BwmLKhOqT61aGhfUMrXeaBk+oDGCzvhcug==",
			"dev": true
		},
		"standard-as-callback": {
			"version": "2.0.1",
			"resolved": "https://registry.npmjs.org/standard-as-callback/-/standard-as-callback-2.0.1.tgz",
			"integrity": "sha512-NQOxSeB8gOI5WjSaxjBgog2QFw55FV8TkS6Y07BiB3VJ8xNTvUYm0wl0s8ObgQ5NhdpnNfigMIKjgPESzgr4tg==",
			"dev": true
		},
		"supports-color": {
			"version": "7.1.0",
			"resolved": "https://registry.npmjs.org/supports-color/-/supports-color-7.1.0.tgz",
			"integrity": "sha512-oRSIpR8pxT1Wr2FquTNnGet79b3BWljqOuoW/h4oBhxJ/HUbX5nX6JSruTkvXDCFMwDPvsaTTbvMLKZWSy0R5g==",
			"dev": true,
			"requires": {
				"has-flag": "^4.0.0"
			}
		},
		"tmp": {
			"version": "0.0.33",
			"resolved": "https://registry.npmjs.org/tmp/-/tmp-0.0.33.tgz",
			"integrity": "sha512-jRCJlojKnZ3addtTOjdIqoRuPEKBvNXcGYqzO6zWZX8KfKEpnGY5jfggJQ3EjKuu8D4bJRr0y+cYJFmYbImXGw==",
			"dev": true,
			"requires": {
				"os-tmpdir": "~1.0.2"
			}
		},
		"type": {
			"version": "1.2.0",
			"resolved": "https://registry.npmjs.org/type/-/type-1.2.0.tgz",
			"integrity": "sha512-+5nt5AAniqsCnu2cEQQdpzCAh33kVx8n0VoFidKpB1dVVLAN/F+bgVOqOJqOnEnrhp222clB5p3vUlD+1QAnfg==",
			"dev": true
		},
		"type-detect": {
			"version": "4.0.8",
			"resolved": "https://registry.npmjs.org/type-detect/-/type-detect-4.0.8.tgz",
			"integrity": "sha512-0fr/mIH1dlO+x7TlcMy+bIDqKPsw/70tVyeHW787goQjhmqaZe10uwLujubK9q9Lg6Fiho1KUKDYz0Z7k7g5/g==",
			"dev": true
		}
	}
}
