# THIS IS AN AUTOGENERATED FILE. DO NOT EDIT THIS FILE DIRECTLY.
# yarn lockfile v1


"@types/node@^7.0.8":
  version "7.0.8"
  resolved "https://registry.yarnpkg.com/@types/node/-/node-7.0.8.tgz#25e4dd804b630c916ae671233e6d71f6ce18124a"

typescript@^2.2.1:
  version "2.2.1"
  resolved "https://registry.yarnpkg.com/typescript/-/typescript-2.2.1.tgz#4862b662b988a4c8ff691cc7969622d24db76ae9"
