{
	"name": "node-ts-cache-fs-storage",
	"version": "1.0.0",
	"lockfileVersion": 1,
	"requires": true,
	"dependencies": {
		"@types/bluebird": {
			"version": "3.5.30",
			"resolved": "https://registry.npmjs.org/@types/bluebird/-/bluebird-3.5.30.tgz",
			"integrity": "sha512-8LhzvcjIoqoi1TghEkRMkbbmM+jhHnBokPGkJWjclMK+Ks0MxEBow3/p2/iFTZ+OIbJHQDSfpgdZEb+af3gfVw==",
			"dev": true
		},
		"bluebird": {
			"version": "3.7.2",
			"resolved": "https://registry.npmjs.org/bluebird/-/bluebird-3.7.2.tgz",
			"integrity": "sha512-XpNj6GDQzdfW+r2Wnn7xiSAd7TM3jzkxGXBGTtWKuSXv1xUV+azxAm8jdWZN06QTQk+2N2XB9jRDkvbmQmcRtg=="
		}
	}
}
