{
	"name": "node-ts-cache-fs-storage",
	"version": "1.0.0",
	"lockfileVersion": 1,
	"requires": true,
	"dependencies": {
		"@types/bluebird": {
			"version": "3.5.30",
			"resolved": "https://registry.npmjs.org/@types/bluebird/-/bluebird-3.5.30.tgz",
			"integrity": "sha512-8LhzvcjIoqoi1TghEkRMkbbmM+jhHnBokPGkJWjclMK+Ks0MxEBow3/p2/iFTZ+OIbJHQDSfpgdZEb+af3gfVw==",
			"dev": true
		}
	}
}
